{
  "name": "MVP",
  "version": "1.0.0",
  "lockfileVersion": 1,
  "requires": true,
  "dependencies": {
    "typescript": {
      "version": "3.4.0-dev.20190315",
      "resolved": "https://registry.npmjs.org/typescript/-/typescript-3.4.0-dev.20190315.tgz",
      "integrity": "sha512-AmAGWYv52Bka/q20YNFy3jRiPMgAmWssti5uLTzFoPyuuzCd/GPmxm+j3iYm22ShrrDJw8biPxVDTq3DnOIaWA=="
    }
  }
}
